
Microsoft Visual Studio Solution File, Format Version 12.00
# Visual Studio Version 17
VisualStudioVersion = 17.7.34031.279
MinimumVisualStudioVersion = 10.0.40219.1
Project("{FAE04EC0-301F-11D3-BF4B-00C04F79EFBC}") = "WatchDogDemoApp", "WatchDogDemoApp\WatchDogDemoApp.csproj", "{AF01B558-24DC-480B-8051-B95EE8D68222}"
EndProject
Global
	GlobalSection(SolutionConfigurationPlatforms) = preSolution
		Debug|Any CPU = Debug|Any CPU
		Release|Any CPU = Release|Any CPU
	EndGlobalSection
	GlobalSection(ProjectConfigurationPlatforms) = postSolution
		{AF01B558-24DC-480B-8051-B95EE8D68222}.Debug|Any CPU.ActiveCfg = Debug|Any CPU
		{AF01B558-24DC-480B-8051-B95EE8D68222}.Debug|Any CPU.Build.0 = Debug|Any CPU
		{AF01B558-24DC-480B-8051-B95EE8D68222}.Release|Any CPU.ActiveCfg = Release|Any CPU
		{AF01B558-24DC-480B-8051-B95EE8D68222}.Release|Any CPU.Build.0 = Release|Any CPU
	EndGlobalSection
	GlobalSection(SolutionProperties) = preSolution
		HideSolutionNode = FALSE
	EndGlobalSection
	GlobalSection(ExtensibilityGlobals) = postSolution
		SolutionGuid = {FA7AACA7-7F9F-47EE-B92A-898E3E4D4CD9}
	EndGlobalSection
EndGlobal
